github.com/gorilla/mux v1.8.1 h1:TuBL49tXwgrFYWhqrNgrUNEY92u81SPhu7sTdzQEiWY=
github.com/gorilla/mux v1.8.1/go.mod h1:AKf9I4AEqPTmMytcMc0KkNouC66V3BtZ4qD5fmWSiMQ=
github.com/sashabaranov/go-openai v1.41.1 h1:zf5tM+GuxpyiyD9XZg8nCqu52eYFQg9OOew0gnIuDy4=
github.com/sashabaranov/go-openai v1.41.1/go.mod h1:lj5b/K+zjTSFxVLijLSTDZuP7adOgerWeFyZLUhAKRg=
